
Microsoft Visual Studio Solution File, Format Version 12.00
# Visual Studio Version 17
VisualStudioVersion = 17.7.34024.191
MinimumVisualStudioVersion = 10.0.40219.1
Project("{FAE04EC0-301F-11D3-BF4B-00C04F79EFBC}") = "ShopifyDotNet", "ShopifyDotNet\ShopifyDotNet.csproj", "{8E8604B4-C646-4DEE-95B3-D66ADB6C3F6E}"
EndProject
Global
	GlobalSection(SolutionConfigurationPlatforms) = preSolution
		Debug|Any CPU = Debug|Any CPU
		Release|Any CPU = Release|Any CPU
	EndGlobalSection
	GlobalSection(ProjectConfigurationPlatforms) = postSolution
		{8E8604B4-C646-4DEE-95B3-D66ADB6C3F6E}.Debug|Any CPU.ActiveCfg = Debug|Any CPU
		{8E8604B4-C646-4DEE-95B3-D66ADB6C3F6E}.Debug|Any CPU.Build.0 = Debug|Any CPU
		{8E8604B4-C646-4DEE-95B3-D66ADB6C3F6E}.Release|Any CPU.ActiveCfg = Release|Any CPU
		{8E8604B4-C646-4DEE-95B3-D66ADB6C3F6E}.Release|Any CPU.Build.0 = Release|Any CPU
	EndGlobalSection
	GlobalSection(SolutionProperties) = preSolution
		HideSolutionNode = FALSE
	EndGlobalSection
	GlobalSection(ExtensibilityGlobals) = postSolution
		SolutionGuid = {FD5329F6-26EB-45B7-904C-F97FBBF3ED1A}
	EndGlobalSection
EndGlobal
